
Microsoft Visual Studio Solution File, Format Version 12.00
# Visual Studio Version 17
VisualStudioVersion = 17.3.32804.467
MinimumVisualStudioVersion = 10.0.40219.1
Project("{2150E333-8FDC-42A3-9474-1A3956D46DE8}") = "day01", "day01", "{9D4501A5-97C7-4874-B90A-774CDCD4BEBD}"
EndProject
Project("{FAE04EC0-301F-11D3-BF4B-00C04F79EFBC}") = "day01", "day01\day01\day01.csproj", "{FCDD662B-1D22-4682-9FAC-E4FC42922A6E}"
EndProject
Global
	GlobalSection(SolutionConfigurationPlatforms) = preSolution
		Debug|Any CPU = Debug|Any CPU
		Release|Any CPU = Release|Any CPU
	EndGlobalSection
	GlobalSection(ProjectConfigurationPlatforms) = postSolution
		{FCDD662B-1D22-4682-9FAC-E4FC42922A6E}.Debug|Any CPU.ActiveCfg = Debug|Any CPU
		{FCDD662B-1D22-4682-9FAC-E4FC42922A6E}.Debug|Any CPU.Build.0 = Debug|Any CPU
		{FCDD662B-1D22-4682-9FAC-E4FC42922A6E}.Release|Any CPU.ActiveCfg = Release|Any CPU
		{FCDD662B-1D22-4682-9FAC-E4FC42922A6E}.Release|Any CPU.Build.0 = Release|Any CPU
	EndGlobalSection
	GlobalSection(SolutionProperties) = preSolution
		HideSolutionNode = FALSE
	EndGlobalSection
	GlobalSection(NestedProjects) = preSolution
		{FCDD662B-1D22-4682-9FAC-E4FC42922A6E} = {9D4501A5-97C7-4874-B90A-774CDCD4BEBD}
	EndGlobalSection
	GlobalSection(ExtensibilityGlobals) = postSolution
		SolutionGuid = {2EAEF834-A238-4B08-937F-ED1A19957A40}
	EndGlobalSection
EndGlobal
